
Microsoft Visual Studio Solution File, Format Version 12.00
Project("{FAE04EC0-301F-11D3-BF4B-00C04F79EFBC}") = "Potekhina Vera - Password generator", "Potekhina Vera - Password generator\Potekhina Vera - Password generator.csproj", "{C504BFC9-0AE6-4BF9-A43F-E569F2A4BA57}"
EndProject
Global
	GlobalSection(SolutionConfigurationPlatforms) = preSolution
		Debug|Any CPU = Debug|Any CPU
		Release|Any CPU = Release|Any CPU
	EndGlobalSection
	GlobalSection(ProjectConfigurationPlatforms) = postSolution
		{C504BFC9-0AE6-4BF9-A43F-E569F2A4BA57}.Debug|Any CPU.ActiveCfg = Debug|Any CPU
		{C504BFC9-0AE6-4BF9-A43F-E569F2A4BA57}.Debug|Any CPU.Build.0 = Debug|Any CPU
		{C504BFC9-0AE6-4BF9-A43F-E569F2A4BA57}.Release|Any CPU.ActiveCfg = Release|Any CPU
		{C504BFC9-0AE6-4BF9-A43F-E569F2A4BA57}.Release|Any CPU.Build.0 = Release|Any CPU
	EndGlobalSection
EndGlobal
