
Microsoft Visual Studio Solution File, Format Version 12.00
Project("{FAE04EC0-301F-11D3-BF4B-00C04F79EFBC}") = "Potekhin Vera -  Installer", "Potekhin Vera -  Installer\Potekhin Vera -  Installer.csproj", "{C6C8CBBE-5F49-47B2-B441-8E1C0890C164}"
EndProject
Global
	GlobalSection(SolutionConfigurationPlatforms) = preSolution
		Debug|Any CPU = Debug|Any CPU
		Release|Any CPU = Release|Any CPU
	EndGlobalSection
	GlobalSection(ProjectConfigurationPlatforms) = postSolution
		{C6C8CBBE-5F49-47B2-B441-8E1C0890C164}.Debug|Any CPU.ActiveCfg = Debug|Any CPU
		{C6C8CBBE-5F49-47B2-B441-8E1C0890C164}.Debug|Any CPU.Build.0 = Debug|Any CPU
		{C6C8CBBE-5F49-47B2-B441-8E1C0890C164}.Release|Any CPU.ActiveCfg = Release|Any CPU
		{C6C8CBBE-5F49-47B2-B441-8E1C0890C164}.Release|Any CPU.Build.0 = Release|Any CPU
	EndGlobalSection
EndGlobal
